// !$*UTF8*$!
{
	archiveVersion = 1;
	classes = {
	};
	objectVersion = 55;
	objects = {

/* Begin PBXBuildFile section */
		2F18511E27B6F1A0002B8CE3 /* TasksTableDataSource.swift in Sources */ = {isa = PBXBuildFile; fileRef = 2F18511D27B6F1A0002B8CE3 /* TasksTableDataSource.swift */; };
		2F1F39CE27CEA02800A32F45 /* AddTaskBarButton.swift in Sources */ = {isa = PBXBuildFile; fileRef = 2F1F39CD27CEA02800A32F45 /* AddTaskBarButton.swift */; };
		2F3AC3D9279092A30092361B /* ListEditVC.swift in Sources */ = {isa = PBXBuildFile; fileRef = 2F3AC3D8279092A30092361B /* ListEditVC.swift */; };
		2F5ACA6927AAF449001F58F5 /* Realm in Frameworks */ = {isa = PBXBuildFile; productRef = 2F5ACA6827AAF449001F58F5 /* Realm */; };
		2F5ACA6B27AAF449001F58F5 /* RealmSwift in Frameworks */ = {isa = PBXBuildFile; productRef = 2F5ACA6A27AAF449001F58F5 /* RealmSwift */; };
		2F5ACA6E27B21F1A001F58F5 /* ListsTableDataSource.swift in Sources */ = {isa = PBXBuildFile; fileRef = 2F5ACA6D27B21F1A001F58F5 /* ListsTableDataSource.swift */; };
		2F5ACA7227B42CBE001F58F5 /* ListTitleCell.swift in Sources */ = {isa = PBXBuildFile; fileRef = 2F5ACA7127B42CBE001F58F5 /* ListTitleCell.swift */; };
		2F5ACA7427B56E6C001F58F5 /* ColorSelectCell.swift in Sources */ = {isa = PBXBuildFile; fileRef = 2F5ACA7327B56E6C001F58F5 /* ColorSelectCell.swift */; };
		2F5ACA7627B5743E001F58F5 /* ColorCell.swift in Sources */ = {isa = PBXBuildFile; fileRef = 2F5ACA7527B5743E001F58F5 /* ColorCell.swift */; };
		2F5ACA7827B58515001F58F5 /* IconCell.swift in Sources */ = {isa = PBXBuildFile; fileRef = 2F5ACA7727B58515001F58F5 /* IconCell.swift */; };
		2F5ACA7A27B58531001F58F5 /* IconSelectCell.swift in Sources */ = {isa = PBXBuildFile; fileRef = 2F5ACA7927B58531001F58F5 /* IconSelectCell.swift */; };
		2F5ACA7D27B59D10001F58F5 /* TitlePreviewCell.swift in Sources */ = {isa = PBXBuildFile; fileRef = 2F5ACA7C27B59D10001F58F5 /* TitlePreviewCell.swift */; };
		2F9678162788DAA700246E94 /* AppDelegate.swift in Sources */ = {isa = PBXBuildFile; fileRef = 2F9678152788DAA700246E94 /* AppDelegate.swift */; };
		2F9678182788DAA700246E94 /* SceneDelegate.swift in Sources */ = {isa = PBXBuildFile; fileRef = 2F9678172788DAA700246E94 /* SceneDelegate.swift */; };
		2F96781A2788DAA700246E94 /* ListsTableVC.swift in Sources */ = {isa = PBXBuildFile; fileRef = 2F9678192788DAA700246E94 /* ListsTableVC.swift */; };
		2F96781D2788DAA700246E94 /* Main.storyboard in Resources */ = {isa = PBXBuildFile; fileRef = 2F96781B2788DAA700246E94 /* Main.storyboard */; };
		2F9678222788DAA800246E94 /* Assets.xcassets in Resources */ = {isa = PBXBuildFile; fileRef = 2F9678212788DAA800246E94 /* Assets.xcassets */; };
		2F9678252788DAA800246E94 /* LaunchScreen.storyboard in Resources */ = {isa = PBXBuildFile; fileRef = 2F9678232788DAA800246E94 /* LaunchScreen.storyboard */; };
		2F96782F2788E2C000246E94 /* TasksTableVC.swift in Sources */ = {isa = PBXBuildFile; fileRef = 2F96782E2788E2C000246E94 /* TasksTableVC.swift */; };
		2F9FDDCF278DFF0F001CF937 /* TaskCell.swift in Sources */ = {isa = PBXBuildFile; fileRef = 2F9FDDCE278DFF0F001CF937 /* TaskCell.swift */; };
		2FB4DE6427BED75100B771F0 /* Task.swift in Sources */ = {isa = PBXBuildFile; fileRef = 2FB4DE6327BED75100B771F0 /* Task.swift */; };
		2FB4DE6627BED7D400B771F0 /* TaskList.swift in Sources */ = {isa = PBXBuildFile; fileRef = 2FB4DE6527BED7D400B771F0 /* TaskList.swift */; };
		2FB4DE7B27BFE99700B771F0 /* SmartListDataSource.swift in Sources */ = {isa = PBXBuildFile; fileRef = 2FB4DE7A27BFE99700B771F0 /* SmartListDataSource.swift */; };
		2FB4DE7F27C5630400B771F0 /* ListDataSource.swift in Sources */ = {isa = PBXBuildFile; fileRef = 2FB4DE7E27C5630400B771F0 /* ListDataSource.swift */; };
		2FB4DE8227C5835F00B771F0 /* Realm+Ext.swift in Sources */ = {isa = PBXBuildFile; fileRef = 2FB4DE8127C5835F00B771F0 /* Realm+Ext.swift */; };
		2FB4DE8527C59E0D00B771F0 /* InProgressDataSource.swift in Sources */ = {isa = PBXBuildFile; fileRef = 2FB4DE8427C59E0D00B771F0 /* InProgressDataSource.swift */; };
		2FB4DE8927C6B2AF00B771F0 /* AllTasksDataSource.swift in Sources */ = {isa = PBXBuildFile; fileRef = 2FB4DE8827C6B2AF00B771F0 /* AllTasksDataSource.swift */; };
		2FB4DE8D27C7C19B00B771F0 /* TaskEditVC.swift in Sources */ = {isa = PBXBuildFile; fileRef = 2FB4DE8C27C7C19B00B771F0 /* TaskEditVC.swift */; };
		2FB4DE8F27C7C74C00B771F0 /* TaskNameCell.swift in Sources */ = {isa = PBXBuildFile; fileRef = 2FB4DE8E27C7C74C00B771F0 /* TaskNameCell.swift */; };
		2FB4DE9127C7C75C00B771F0 /* TaskListPickerCell.swift in Sources */ = {isa = PBXBuildFile; fileRef = 2FB4DE9027C7C75C00B771F0 /* TaskListPickerCell.swift */; };
/* End PBXBuildFile section */

/* Begin PBXFileReference section */
		2F18511D27B6F1A0002B8CE3 /* TasksTableDataSource.swift */ = {isa = PBXFileReference; lastKnownFileType = sourcecode.swift; path = TasksTableDataSource.swift; sourceTree = "<group>"; };
		2F1F39CD27CEA02800A32F45 /* AddTaskBarButton.swift */ = {isa = PBXFileReference; lastKnownFileType = sourcecode.swift; path = AddTaskBarButton.swift; sourceTree = "<group>"; };
		2F3AC3D8279092A30092361B /* ListEditVC.swift */ = {isa = PBXFileReference; lastKnownFileType = sourcecode.swift; path = ListEditVC.swift; sourceTree = "<group>"; };
		2F5ACA6D27B21F1A001F58F5 /* ListsTableDataSource.swift */ = {isa = PBXFileReference; lastKnownFileType = sourcecode.swift; path = ListsTableDataSource.swift; sourceTree = "<group>"; };
		2F5ACA7127B42CBE001F58F5 /* ListTitleCell.swift */ = {isa = PBXFileReference; lastKnownFileType = sourcecode.swift; path = ListTitleCell.swift; sourceTree = "<group>"; };
		2F5ACA7327B56E6C001F58F5 /* ColorSelectCell.swift */ = {isa = PBXFileReference; lastKnownFileType = sourcecode.swift; path = ColorSelectCell.swift; sourceTree = "<group>"; };
		2F5ACA7527B5743E001F58F5 /* ColorCell.swift */ = {isa = PBXFileReference; lastKnownFileType = sourcecode.swift; path = ColorCell.swift; sourceTree = "<group>"; };
		2F5ACA7727B58515001F58F5 /* IconCell.swift */ = {isa = PBXFileReference; lastKnownFileType = sourcecode.swift; path = IconCell.swift; sourceTree = "<group>"; };
		2F5ACA7927B58531001F58F5 /* IconSelectCell.swift */ = {isa = PBXFileReference; lastKnownFileType = sourcecode.swift; path = IconSelectCell.swift; sourceTree = "<group>"; };
		2F5ACA7C27B59D10001F58F5 /* TitlePreviewCell.swift */ = {isa = PBXFileReference; lastKnownFileType = sourcecode.swift; path = TitlePreviewCell.swift; sourceTree = "<group>"; };
		2F9678122788DAA700246E94 /* WhatNow.app */ = {isa = PBXFileReference; explicitFileType = wrapper.application; includeInIndex = 0; path = WhatNow.app; sourceTree = BUILT_PRODUCTS_DIR; };
		2F9678152788DAA700246E94 /* AppDelegate.swift */ = {isa = PBXFileReference; lastKnownFileType = sourcecode.swift; path = AppDelegate.swift; sourceTree = "<group>"; };
		2F9678172788DAA700246E94 /* SceneDelegate.swift */ = {isa = PBXFileReference; lastKnownFileType = sourcecode.swift; path = SceneDelegate.swift; sourceTree = "<group>"; };
		2F9678192788DAA700246E94 /* ListsTableVC.swift */ = {isa = PBXFileReference; lastKnownFileType = sourcecode.swift; path = ListsTableVC.swift; sourceTree = "<group>"; };
		2F96781C2788DAA700246E94 /* Base */ = {isa = PBXFileReference; lastKnownFileType = file.storyboard; name = Base; path = Base.lproj/Main.storyboard; sourceTree = "<group>"; };
		2F9678212788DAA800246E94 /* Assets.xcassets */ = {isa = PBXFileReference; lastKnownFileType = folder.assetcatalog; path = Assets.xcassets; sourceTree = "<group>"; };
		2F9678242788DAA800246E94 /* Base */ = {isa = PBXFileReference; lastKnownFileType = file.storyboard; name = Base; path = Base.lproj/LaunchScreen.storyboard; sourceTree = "<group>"; };
		2F9678262788DAA800246E94 /* Info.plist */ = {isa = PBXFileReference; lastKnownFileType = text.plist.xml; path = Info.plist; sourceTree = "<group>"; };
		2F96782E2788E2C000246E94 /* TasksTableVC.swift */ = {isa = PBXFileReference; lastKnownFileType = sourcecode.swift; path = TasksTableVC.swift; sourceTree = "<group>"; };
		2F9FDDCE278DFF0F001CF937 /* TaskCell.swift */ = {isa = PBXFileReference; lastKnownFileType = sourcecode.swift; path = TaskCell.swift; sourceTree = "<group>"; };
		2FB4DE6327BED75100B771F0 /* Task.swift */ = {isa = PBXFileReference; lastKnownFileType = sourcecode.swift; path = Task.swift; sourceTree = "<group>"; };
		2FB4DE6527BED7D400B771F0 /* TaskList.swift */ = {isa = PBXFileReference; lastKnownFileType = sourcecode.swift; path = TaskList.swift; sourceTree = "<group>"; };
		2FB4DE7A27BFE99700B771F0 /* SmartListDataSource.swift */ = {isa = PBXFileReference; lastKnownFileType = sourcecode.swift; path = SmartListDataSource.swift; sourceTree = "<group>"; };
		2FB4DE7E27C5630400B771F0 /* ListDataSource.swift */ = {isa = PBXFileReference; lastKnownFileType = sourcecode.swift; path = ListDataSource.swift; sourceTree = "<group>"; };
		2FB4DE8127C5835F00B771F0 /* Realm+Ext.swift */ = {isa = PBXFileReference; lastKnownFileType = sourcecode.swift; path = "Realm+Ext.swift"; sourceTree = "<group>"; };
		2FB4DE8427C59E0D00B771F0 /* InProgressDataSource.swift */ = {isa = PBXFileReference; lastKnownFileType = sourcecode.swift; path = InProgressDataSource.swift; sourceTree = "<group>"; };
		2FB4DE8827C6B2AF00B771F0 /* AllTasksDataSource.swift */ = {isa = PBXFileReference; lastKnownFileType = sourcecode.swift; path = AllTasksDataSource.swift; sourceTree = "<group>"; };
		2FB4DE8C27C7C19B00B771F0 /* TaskEditVC.swift */ = {isa = PBXFileReference; lastKnownFileType = sourcecode.swift; path = TaskEditVC.swift; sourceTree = "<group>"; };
		2FB4DE8E27C7C74C00B771F0 /* TaskNameCell.swift */ = {isa = PBXFileReference; lastKnownFileType = sourcecode.swift; path = TaskNameCell.swift; sourceTree = "<group>"; };
		2FB4DE9027C7C75C00B771F0 /* TaskListPickerCell.swift */ = {isa = PBXFileReference; lastKnownFileType = sourcecode.swift; path = TaskListPickerCell.swift; sourceTree = "<group>"; };
/* End PBXFileReference section */

/* Begin PBXFrameworksBuildPhase section */
		2F96780F2788DAA700246E94 /* Frameworks */ = {
			isa = PBXFrameworksBuildPhase;
			buildActionMask = 2147483647;
			files = (
				2F5ACA6B27AAF449001F58F5 /* RealmSwift in Frameworks */,
				2F5ACA6927AAF449001F58F5 /* Realm in Frameworks */,
			);
			runOnlyForDeploymentPostprocessing = 0;
		};
/* End PBXFrameworksBuildPhase section */

/* Begin PBXGroup section */
		2F1F39CC27CE9FF800A32F45 /* Views */ = {
			isa = PBXGroup;
			children = (
				2F1F39CD27CEA02800A32F45 /* AddTaskBarButton.swift */,
			);
			path = Views;
			sourceTree = "<group>";
		};
		2F3AC3DA2790B63B0092361B /* Lists */ = {
			isa = PBXGroup;
			children = (
				2F9678192788DAA700246E94 /* ListsTableVC.swift */,
				2F5ACA6D27B21F1A001F58F5 /* ListsTableDataSource.swift */,
				2F5ACA7127B42CBE001F58F5 /* ListTitleCell.swift */,
			);
			path = Lists;
			sourceTree = "<group>";
		};
		2F3AC3DB2790B6660092361B /* Tasks */ = {
			isa = PBXGroup;
			children = (
				2F96782E2788E2C000246E94 /* TasksTableVC.swift */,
				2FB4DE7D27C562E000B771F0 /* DataSources */,
				2F9FDDCE278DFF0F001CF937 /* TaskCell.swift */,
			);
			path = Tasks;
			sourceTree = "<group>";
		};
		2F3AC3DC2790B6820092361B /* Model */ = {
			isa = PBXGroup;
			children = (
				2FB4DE6527BED7D400B771F0 /* TaskList.swift */,
				2FB4DE6327BED75100B771F0 /* Task.swift */,
				2FB4DE8127C5835F00B771F0 /* Realm+Ext.swift */,
			);
			path = Model;
			sourceTree = "<group>";
		};
		2F3AC3DD2790B6950092361B /* Screens */ = {
			isa = PBXGroup;
			children = (
				2F3AC3DA2790B63B0092361B /* Lists */,
				2F5ACA7B27B58C94001F58F5 /* ListEdit */,
				2F3AC3DB2790B6660092361B /* Tasks */,
				2FB4DE7C27C4A28A00B771F0 /* TaskEdit */,
			);
			path = Screens;
			sourceTree = "<group>";
		};
		2F5ACA7B27B58C94001F58F5 /* ListEdit */ = {
			isa = PBXGroup;
			children = (
				2F3AC3D8279092A30092361B /* ListEditVC.swift */,
				2F5ACA7C27B59D10001F58F5 /* TitlePreviewCell.swift */,
				2F5ACA7327B56E6C001F58F5 /* ColorSelectCell.swift */,
				2F5ACA7527B5743E001F58F5 /* ColorCell.swift */,
				2F5ACA7927B58531001F58F5 /* IconSelectCell.swift */,
				2F5ACA7727B58515001F58F5 /* IconCell.swift */,
			);
			path = ListEdit;
			sourceTree = "<group>";
		};
		2F9678092788DAA700246E94 = {
			isa = PBXGroup;
			children = (
				2F9678142788DAA700246E94 /* WhatNow */,
				2F9678132788DAA700246E94 /* Products */,
			);
			sourceTree = "<group>";
		};
		2F9678132788DAA700246E94 /* Products */ = {
			isa = PBXGroup;
			children = (
				2F9678122788DAA700246E94 /* WhatNow.app */,
			);
			name = Products;
			sourceTree = "<group>";
		};
		2F9678142788DAA700246E94 /* WhatNow */ = {
			isa = PBXGroup;
			children = (
				2F9678152788DAA700246E94 /* AppDelegate.swift */,
				2F9678172788DAA700246E94 /* SceneDelegate.swift */,
				2F3AC3DC2790B6820092361B /* Model */,
				2F3AC3DD2790B6950092361B /* Screens */,
				2F1F39CC27CE9FF800A32F45 /* Views */,
				2F96781B2788DAA700246E94 /* Main.storyboard */,
				2F9678212788DAA800246E94 /* Assets.xcassets */,
				2F9678232788DAA800246E94 /* LaunchScreen.storyboard */,
				2F9678262788DAA800246E94 /* Info.plist */,
			);
			path = WhatNow;
			sourceTree = "<group>";
		};
		2FB4DE7C27C4A28A00B771F0 /* TaskEdit */ = {
			isa = PBXGroup;
			children = (
				2FB4DE8C27C7C19B00B771F0 /* TaskEditVC.swift */,
				2FB4DE8E27C7C74C00B771F0 /* TaskNameCell.swift */,
				2FB4DE9027C7C75C00B771F0 /* TaskListPickerCell.swift */,
			);
			path = TaskEdit;
			sourceTree = "<group>";
		};
		2FB4DE7D27C562E000B771F0 /* DataSources */ = {
			isa = PBXGroup;
			children = (
				2F18511D27B6F1A0002B8CE3 /* TasksTableDataSource.swift */,
				2FB4DE7E27C5630400B771F0 /* ListDataSource.swift */,
				2FB4DE8327C59DEC00B771F0 /* SmartLists */,
			);
			path = DataSources;
			sourceTree = "<group>";
		};
		2FB4DE8327C59DEC00B771F0 /* SmartLists */ = {
			isa = PBXGroup;
			children = (
				2FB4DE7A27BFE99700B771F0 /* SmartListDataSource.swift */,
				2FB4DE8827C6B2AF00B771F0 /* AllTasksDataSource.swift */,
				2FB4DE8427C59E0D00B771F0 /* InProgressDataSource.swift */,
			);
			path = SmartLists;
			sourceTree = "<group>";
		};
/* End PBXGroup section */

/* Begin PBXNativeTarget section */
		2F9678112788DAA700246E94 /* WhatNow */ = {
			isa = PBXNativeTarget;
			buildConfigurationList = 2F9678292788DAA800246E94 /* Build configuration list for PBXNativeTarget "WhatNow" */;
			buildPhases = (
				2F96780E2788DAA700246E94 /* Sources */,
				2F96780F2788DAA700246E94 /* Frameworks */,
				2F9678102788DAA700246E94 /* Resources */,
			);
			buildRules = (
			);
			dependencies = (
			);
			name = WhatNow;
			packageProductDependencies = (
				2F5ACA6827AAF449001F58F5 /* Realm */,
				2F5ACA6A27AAF449001F58F5 /* RealmSwift */,
			);
			productName = WhatNow;
			productReference = 2F9678122788DAA700246E94 /* WhatNow.app */;
			productType = "com.apple.product-type.application";
		};
/* End PBXNativeTarget section */

/* Begin PBXProject section */
		2F96780A2788DAA700246E94 /* Project object */ = {
			isa = PBXProject;
			attributes = {
				BuildIndependentTargetsInParallel = 1;
				LastSwiftUpdateCheck = 1320;
				LastUpgradeCheck = 1320;
				TargetAttributes = {
					2F9678112788DAA700246E94 = {
						CreatedOnToolsVersion = 13.2;
					};
				};
			};
			buildConfigurationList = 2F96780D2788DAA700246E94 /* Build configuration list for PBXProject "WhatNow" */;
			compatibilityVersion = "Xcode 13.0";
			developmentRegion = en;
			hasScannedForEncodings = 0;
			knownRegions = (
				en,
				Base,
			);
			mainGroup = 2F9678092788DAA700246E94;
			packageReferences = (
				2F5ACA6727AAF449001F58F5 /* XCRemoteSwiftPackageReference "realm-swift" */,
			);
			productRefGroup = 2F9678132788DAA700246E94 /* Products */;
			projectDirPath = "";
			projectRoot = "";
			targets = (
				2F9678112788DAA700246E94 /* WhatNow */,
			);
		};
/* End PBXProject section */

/* Begin PBXResourcesBuildPhase section */
		2F9678102788DAA700246E94 /* Resources */ = {
			isa = PBXResourcesBuildPhase;
			buildActionMask = 2147483647;
			files = (
				2F9678252788DAA800246E94 /* LaunchScreen.storyboard in Resources */,
				2F9678222788DAA800246E94 /* Assets.xcassets in Resources */,
				2F96781D2788DAA700246E94 /* Main.storyboard in Resources */,
			);
			runOnlyForDeploymentPostprocessing = 0;
		};
/* End PBXResourcesBuildPhase section */

/* Begin PBXSourcesBuildPhase section */
		2F96780E2788DAA700246E94 /* Sources */ = {
			isa = PBXSourcesBuildPhase;
			buildActionMask = 2147483647;
			files = (
				2F5ACA7D27B59D10001F58F5 /* TitlePreviewCell.swift in Sources */,
				2F9FDDCF278DFF0F001CF937 /* TaskCell.swift in Sources */,
				2FB4DE8F27C7C74C00B771F0 /* TaskNameCell.swift in Sources */,
				2F5ACA7A27B58531001F58F5 /* IconSelectCell.swift in Sources */,
				2F5ACA6E27B21F1A001F58F5 /* ListsTableDataSource.swift in Sources */,
				2FB4DE8927C6B2AF00B771F0 /* AllTasksDataSource.swift in Sources */,
				2FB4DE8227C5835F00B771F0 /* Realm+Ext.swift in Sources */,
				2F96782F2788E2C000246E94 /* TasksTableVC.swift in Sources */,
				2F5ACA7227B42CBE001F58F5 /* ListTitleCell.swift in Sources */,
				2F1F39CE27CEA02800A32F45 /* AddTaskBarButton.swift in Sources */,
				2F5ACA7627B5743E001F58F5 /* ColorCell.swift in Sources */,
				2FB4DE7B27BFE99700B771F0 /* SmartListDataSource.swift in Sources */,
				2FB4DE9127C7C75C00B771F0 /* TaskListPickerCell.swift in Sources */,
				2F5ACA7827B58515001F58F5 /* IconCell.swift in Sources */,
				2F3AC3D9279092A30092361B /* ListEditVC.swift in Sources */,
				2F96781A2788DAA700246E94 /* ListsTableVC.swift in Sources */,
				2FB4DE7F27C5630400B771F0 /* ListDataSource.swift in Sources */,
				2FB4DE6627BED7D400B771F0 /* TaskList.swift in Sources */,
				2F5ACA7427B56E6C001F58F5 /* ColorSelectCell.swift in Sources */,
				2F9678162788DAA700246E94 /* AppDelegate.swift in Sources */,
				2F18511E27B6F1A0002B8CE3 /* TasksTableDataSource.swift in Sources */,
				2FB4DE8527C59E0D00B771F0 /* InProgressDataSource.swift in Sources */,
				2FB4DE6427BED75100B771F0 /* Task.swift in Sources */,
				2FB4DE8D27C7C19B00B771F0 /* TaskEditVC.swift in Sources */,
				2F9678182788DAA700246E94 /* SceneDelegate.swift in Sources */,
			);
			runOnlyForDeploymentPostprocessing = 0;
		};
/* End PBXSourcesBuildPhase section */

/* Begin PBXVariantGroup section */
		2F96781B2788DAA700246E94 /* Main.storyboard */ = {
			isa = PBXVariantGroup;
			children = (
				2F96781C2788DAA700246E94 /* Base */,
			);
			name = Main.storyboard;
			sourceTree = "<group>";
		};
		2F9678232788DAA800246E94 /* LaunchScreen.storyboard */ = {
			isa = PBXVariantGroup;
			children = (
				2F9678242788DAA800246E94 /* Base */,
			);
			name = LaunchScreen.storyboard;
			sourceTree = "<group>";
		};
/* End PBXVariantGroup section */

/* Begin XCBuildConfiguration section */
		2F9678272788DAA800246E94 /* Debug */ = {
			isa = XCBuildConfiguration;
			buildSettings = {
				ALWAYS_SEARCH_USER_PATHS = NO;
				CLANG_ANALYZER_NONNULL = YES;
				CLANG_ANALYZER_NUMBER_OBJECT_CONVERSION = YES_AGGRESSIVE;
				CLANG_CXX_LANGUAGE_STANDARD = "gnu++17";
				CLANG_CXX_LIBRARY = "libc++";
				CLANG_ENABLE_MODULES = YES;
				CLANG_ENABLE_OBJC_ARC = YES;
				CLANG_ENABLE_OBJC_WEAK = YES;
				CLANG_WARN_BLOCK_CAPTURE_AUTORELEASING = YES;
				CLANG_WARN_BOOL_CONVERSION = YES;
				CLANG_WARN_COMMA = YES;
				CLANG_WARN_CONSTANT_CONVERSION = YES;
				CLANG_WARN_DEPRECATED_OBJC_IMPLEMENTATIONS = YES;
				CLANG_WARN_DIRECT_OBJC_ISA_USAGE = YES_ERROR;
				CLANG_WARN_DOCUMENTATION_COMMENTS = YES;
				CLANG_WARN_EMPTY_BODY = YES;
				CLANG_WARN_ENUM_CONVERSION = YES;
				CLANG_WARN_INFINITE_RECURSION = YES;
				CLANG_WARN_INT_CONVERSION = YES;
				CLANG_WARN_NON_LITERAL_NULL_CONVERSION = YES;
				CLANG_WARN_OBJC_IMPLICIT_RETAIN_SELF = YES;
				CLANG_WARN_OBJC_LITERAL_CONVERSION = YES;
				CLANG_WARN_OBJC_ROOT_CLASS = YES_ERROR;
				CLANG_WARN_QUOTED_INCLUDE_IN_FRAMEWORK_HEADER = YES;
				CLANG_WARN_RANGE_LOOP_ANALYSIS = YES;
				CLANG_WARN_STRICT_PROTOTYPES = YES;
				CLANG_WARN_SUSPICIOUS_MOVE = YES;
				CLANG_WARN_UNGUARDED_AVAILABILITY = YES_AGGRESSIVE;
				CLANG_WARN_UNREACHABLE_CODE = YES;
				CLANG_WARN__DUPLICATE_METHOD_MATCH = YES;
				COPY_PHASE_STRIP = NO;
				DEBUG_INFORMATION_FORMAT = dwarf;
				ENABLE_STRICT_OBJC_MSGSEND = YES;
				ENABLE_TESTABILITY = YES;
				GCC_C_LANGUAGE_STANDARD = gnu11;
				GCC_DYNAMIC_NO_PIC = NO;
				GCC_NO_COMMON_BLOCKS = YES;
				GCC_OPTIMIZATION_LEVEL = 0;
				GCC_PREPROCESSOR_DEFINITIONS = (
					"DEBUG=1",
					"$(inherited)",
				);
				GCC_WARN_64_TO_32_BIT_CONVERSION = YES;
				GCC_WARN_ABOUT_RETURN_TYPE = YES_ERROR;
				GCC_WARN_UNDECLARED_SELECTOR = YES;
				GCC_WARN_UNINITIALIZED_AUTOS = YES_AGGRESSIVE;
				GCC_WARN_UNUSED_FUNCTION = YES;
				GCC_WARN_UNUSED_VARIABLE = YES;
				IPHONEOS_DEPLOYMENT_TARGET = 15.2;
				MTL_ENABLE_DEBUG_INFO = INCLUDE_SOURCE;
				MTL_FAST_MATH = YES;
				ONLY_ACTIVE_ARCH = YES;
				SDKROOT = iphoneos;
				SWIFT_ACTIVE_COMPILATION_CONDITIONS = DEBUG;
				SWIFT_OPTIMIZATION_LEVEL = "-Onone";
			};
			name = Debug;
		};
		2F9678282788DAA800246E94 /* Release */ = {
			isa = XCBuildConfiguration;
			buildSettings = {
				ALWAYS_SEARCH_USER_PATHS = NO;
				CLANG_ANALYZER_NONNULL = YES;
				CLANG_ANALYZER_NUMBER_OBJECT_CONVERSION = YES_AGGRESSIVE;
				CLANG_CXX_LANGUAGE_STANDARD = "gnu++17";
				CLANG_CXX_LIBRARY = "libc++";
				CLANG_ENABLE_MODULES = YES;
				CLANG_ENABLE_OBJC_ARC = YES;
				CLANG_ENABLE_OBJC_WEAK = YES;
				CLANG_WARN_BLOCK_CAPTURE_AUTORELEASING = YES;
				CLANG_WARN_BOOL_CONVERSION = YES;
				CLANG_WARN_COMMA = YES;
				CLANG_WARN_CONSTANT_CONVERSION = YES;
				CLANG_WARN_DEPRECATED_OBJC_IMPLEMENTATIONS = YES;
				CLANG_WARN_DIRECT_OBJC_ISA_USAGE = YES_ERROR;
				CLANG_WARN_DOCUMENTATION_COMMENTS = YES;
				CLANG_WARN_EMPTY_BODY = YES;
				CLANG_WARN_ENUM_CONVERSION = YES;
				CLANG_WARN_INFINITE_RECURSION = YES;
				CLANG_WARN_INT_CONVERSION = YES;
				CLANG_WARN_NON_LITERAL_NULL_CONVERSION = YES;
				CLANG_WARN_OBJC_IMPLICIT_RETAIN_SELF = YES;
				CLANG_WARN_OBJC_LITERAL_CONVERSION = YES;
				CLANG_WARN_OBJC_ROOT_CLASS = YES_ERROR;
				CLANG_WARN_QUOTED_INCLUDE_IN_FRAMEWORK_HEADER = YES;
				CLANG_WARN_RANGE_LOOP_ANALYSIS = YES;
				CLANG_WARN_STRICT_PROTOTYPES = YES;
				CLANG_WARN_SUSPICIOUS_MOVE = YES;
				CLANG_WARN_UNGUARDED_AVAILABILITY = YES_AGGRESSIVE;
				CLANG_WARN_UNREACHABLE_CODE = YES;
				CLANG_WARN__DUPLICATE_METHOD_MATCH = YES;
				COPY_PHASE_STRIP = NO;
				DEBUG_INFORMATION_FORMAT = "dwarf-with-dsym";
				ENABLE_NS_ASSERTIONS = NO;
				ENABLE_STRICT_OBJC_MSGSEND = YES;
				GCC_C_LANGUAGE_STANDARD = gnu11;
				GCC_NO_COMMON_BLOCKS = YES;
				GCC_WARN_64_TO_32_BIT_CONVERSION = YES;
				GCC_WARN_ABOUT_RETURN_TYPE = YES_ERROR;
				GCC_WARN_UNDECLARED_SELECTOR = YES;
				GCC_WARN_UNINITIALIZED_AUTOS = YES_AGGRESSIVE;
				GCC_WARN_UNUSED_FUNCTION = YES;
				GCC_WARN_UNUSED_VARIABLE = YES;
				IPHONEOS_DEPLOYMENT_TARGET = 15.2;
				MTL_ENABLE_DEBUG_INFO = NO;
				MTL_FAST_MATH = YES;
				SDKROOT = iphoneos;
				SWIFT_COMPILATION_MODE = wholemodule;
				SWIFT_OPTIMIZATION_LEVEL = "-O";
				VALIDATE_PRODUCT = YES;
			};
			name = Release;
		};
		2F96782A2788DAA800246E94 /* Debug */ = {
			isa = XCBuildConfiguration;
			buildSettings = {
				ASSETCATALOG_COMPILER_APPICON_NAME = AppIcon;
				ASSETCATALOG_COMPILER_GLOBAL_ACCENT_COLOR_NAME = AccentColor;
				CODE_SIGN_STYLE = Automatic;
				CURRENT_PROJECT_VERSION = 1;
				DEVELOPMENT_TEAM = J9GJAN323Z;
				GENERATE_INFOPLIST_FILE = YES;
				INFOPLIST_FILE = WhatNow/Info.plist;
				INFOPLIST_KEY_UIApplicationSupportsIndirectInputEvents = YES;
				INFOPLIST_KEY_UILaunchStoryboardName = LaunchScreen;
				INFOPLIST_KEY_UIMainStoryboardFile = Main;
				INFOPLIST_KEY_UISupportedInterfaceOrientations_iPad = "UIInterfaceOrientationPortrait UIInterfaceOrientationPortraitUpsideDown UIInterfaceOrientationLandscapeLeft UIInterfaceOrientationLandscapeRight";
				INFOPLIST_KEY_UISupportedInterfaceOrientations_iPhone = "UIInterfaceOrientationPortrait UIInterfaceOrientationLandscapeLeft UIInterfaceOrientationLandscapeRight";
				LD_RUNPATH_SEARCH_PATHS = (
					"$(inherited)",
					"@executable_path/Frameworks",
				);
				MARKETING_VERSION = 1.0;
				PRODUCT_BUNDLE_IDENTIFIER = com.tyler.WhatNow;
				PRODUCT_NAME = "$(TARGET_NAME)";
				SWIFT_EMIT_LOC_STRINGS = YES;
				SWIFT_VERSION = 5.0;
				TARGETED_DEVICE_FAMILY = 1;
			};
			name = Debug;
		};
		2F96782B2788DAA800246E94 /* Release */ = {
			isa = XCBuildConfiguration;
			buildSettings = {
				ASSETCATALOG_COMPILER_APPICON_NAME = AppIcon;
				ASSETCATALOG_COMPILER_GLOBAL_ACCENT_COLOR_NAME = AccentColor;
				CODE_SIGN_STYLE = Automatic;
				CURRENT_PROJECT_VERSION = 1;
				DEVELOPMENT_TEAM = J9GJAN323Z;
				GENERATE_INFOPLIST_FILE = YES;
				INFOPLIST_FILE = WhatNow/Info.plist;
				INFOPLIST_KEY_UIApplicationSupportsIndirectInputEvents = YES;
				INFOPLIST_KEY_UILaunchStoryboardName = LaunchScreen;
				INFOPLIST_KEY_UIMainStoryboardFile = Main;
				INFOPLIST_KEY_UISupportedInterfaceOrientations_iPad = "UIInterfaceOrientationPortrait UIInterfaceOrientationPortraitUpsideDown UIInterfaceOrientationLandscapeLeft UIInterfaceOrientationLandscapeRight";
				INFOPLIST_KEY_UISupportedInterfaceOrientations_iPhone = "UIInterfaceOrientationPortrait UIInterfaceOrientationLandscapeLeft UIInterfaceOrientationLandscapeRight";
				LD_RUNPATH_SEARCH_PATHS = (
					"$(inherited)",
					"@executable_path/Frameworks",
				);
				MARKETING_VERSION = 1.0;
				PRODUCT_BUNDLE_IDENTIFIER = com.tyler.WhatNow;
				PRODUCT_NAME = "$(TARGET_NAME)";
				SWIFT_EMIT_LOC_STRINGS = YES;
				SWIFT_VERSION = 5.0;
				TARGETED_DEVICE_FAMILY = 1;
			};
			name = Release;
		};
/* End XCBuildConfiguration section */

/* Begin XCConfigurationList section */
		2F96780D2788DAA700246E94 /* Build configuration list for PBXProject "WhatNow" */ = {
			isa = XCConfigurationList;
			buildConfigurations = (
				2F9678272788DAA800246E94 /* Debug */,
				2F9678282788DAA800246E94 /* Release */,
			);
			defaultConfigurationIsVisible = 0;
			defaultConfigurationName = Release;
		};
		2F9678292788DAA800246E94 /* Build configuration list for PBXNativeTarget "WhatNow" */ = {
			isa = XCConfigurationList;
			buildConfigurations = (
				2F96782A2788DAA800246E94 /* Debug */,
				2F96782B2788DAA800246E94 /* Release */,
			);
			defaultConfigurationIsVisible = 0;
			defaultConfigurationName = Release;
		};
/* End XCConfigurationList section */

/* Begin XCRemoteSwiftPackageReference section */
		2F5ACA6727AAF449001F58F5 /* XCRemoteSwiftPackageReference "realm-swift" */ = {
			isa = XCRemoteSwiftPackageReference;
			repositoryURL = "https://github.com/realm/realm-swift.git";
			requirement = {
				kind = upToNextMajorVersion;
				minimumVersion = 10.19.0;
			};
		};
/* End XCRemoteSwiftPackageReference section */

/* Begin XCSwiftPackageProductDependency section */
		2F5ACA6827AAF449001F58F5 /* Realm */ = {
			isa = XCSwiftPackageProductDependency;
			package = 2F5ACA6727AAF449001F58F5 /* XCRemoteSwiftPackageReference "realm-swift" */;
			productName = Realm;
		};
		2F5ACA6A27AAF449001F58F5 /* RealmSwift */ = {
			isa = XCSwiftPackageProductDependency;
			package = 2F5ACA6727AAF449001F58F5 /* XCRemoteSwiftPackageReference "realm-swift" */;
			productName = RealmSwift;
		};
/* End XCSwiftPackageProductDependency section */
	};
	rootObject = 2F96780A2788DAA700246E94 /* Project object */;
}
