// !$*UTF8*$!
{
	archiveVersion = 1;
	classes = {
	};
	objectVersion = 55;
	objects = {

/* Begin PBXBuildFile section */
		2F9678162788DAA700246E94 /* AppDelegate.swift in Sources */ = {isa = PBXBuildFile; fileRef = 2F9678152788DAA700246E94 /* AppDelegate.swift */; };
		2F9678182788DAA700246E94 /* SceneDelegate.swift in Sources */ = {isa = PBXBuildFile; fileRef = 2F9678172788DAA700246E94 /* SceneDelegate.swift */; };
		2F96781A2788DAA700246E94 /* ViewController.swift in Sources */ = {isa = PBXBuildFile; fileRef = 2F9678192788DAA700246E94 /* ViewController.swift */; };
		2F96781D2788DAA700246E94 /* Main.storyboard in Resources */ = {isa = PBXBuildFile; fileRef = 2F96781B2788DAA700246E94 /* Main.storyboard */; };
		2F9678202788DAA700246E94 /* WhatNow.xcdatamodeld in Sources */ = {isa = PBXBuildFile; fileRef = 2F96781E2788DAA700246E94 /* WhatNow.xcdatamodeld */; };
		2F9678222788DAA800246E94 /* Assets.xcassets in Resources */ = {isa = PBXBuildFile; fileRef = 2F9678212788DAA800246E94 /* Assets.xcassets */; };
		2F9678252788DAA800246E94 /* LaunchScreen.storyboard in Resources */ = {isa = PBXBuildFile; fileRef = 2F9678232788DAA800246E94 /* LaunchScreen.storyboard */; };
		2F96782D2788DAE000246E94 /* Model.swift in Sources */ = {isa = PBXBuildFile; fileRef = 2F96782C2788DAE000246E94 /* Model.swift */; };
		2F96782F2788E2C000246E94 /* AreaDetailVC.swift in Sources */ = {isa = PBXBuildFile; fileRef = 2F96782E2788E2C000246E94 /* AreaDetailVC.swift */; };
/* End PBXBuildFile section */

/* Begin PBXFileReference section */
		2F9678122788DAA700246E94 /* WhatNow.app */ = {isa = PBXFileReference; explicitFileType = wrapper.application; includeInIndex = 0; path = WhatNow.app; sourceTree = BUILT_PRODUCTS_DIR; };
		2F9678152788DAA700246E94 /* AppDelegate.swift */ = {isa = PBXFileReference; lastKnownFileType = sourcecode.swift; path = AppDelegate.swift; sourceTree = "<group>"; };
		2F9678172788DAA700246E94 /* SceneDelegate.swift */ = {isa = PBXFileReference; lastKnownFileType = sourcecode.swift; path = SceneDelegate.swift; sourceTree = "<group>"; };
		2F9678192788DAA700246E94 /* ViewController.swift */ = {isa = PBXFileReference; lastKnownFileType = sourcecode.swift; path = ViewController.swift; sourceTree = "<group>"; };
		2F96781C2788DAA700246E94 /* Base */ = {isa = PBXFileReference; lastKnownFileType = file.storyboard; name = Base; path = Base.lproj/Main.storyboard; sourceTree = "<group>"; };
		2F96781F2788DAA700246E94 /* WhatNow.xcdatamodel */ = {isa = PBXFileReference; lastKnownFileType = wrapper.xcdatamodel; path = WhatNow.xcdatamodel; sourceTree = "<group>"; };
		2F9678212788DAA800246E94 /* Assets.xcassets */ = {isa = PBXFileReference; lastKnownFileType = folder.assetcatalog; path = Assets.xcassets; sourceTree = "<group>"; };
		2F9678242788DAA800246E94 /* Base */ = {isa = PBXFileReference; lastKnownFileType = file.storyboard; name = Base; path = Base.lproj/LaunchScreen.storyboard; sourceTree = "<group>"; };
		2F9678262788DAA800246E94 /* Info.plist */ = {isa = PBXFileReference; lastKnownFileType = text.plist.xml; path = Info.plist; sourceTree = "<group>"; };
		2F96782C2788DAE000246E94 /* Model.swift */ = {isa = PBXFileReference; lastKnownFileType = sourcecode.swift; path = Model.swift; sourceTree = "<group>"; };
		2F96782E2788E2C000246E94 /* AreaDetailVC.swift */ = {isa = PBXFileReference; lastKnownFileType = sourcecode.swift; path = AreaDetailVC.swift; sourceTree = "<group>"; };
/* End PBXFileReference section */

/* Begin PBXFrameworksBuildPhase section */
		2F96780F2788DAA700246E94 /* Frameworks */ = {
			isa = PBXFrameworksBuildPhase;
			buildActionMask = 2147483647;
			files = (
			);
			runOnlyForDeploymentPostprocessing = 0;
		};
/* End PBXFrameworksBuildPhase section */

/* Begin PBXGroup section */
		2F9678092788DAA700246E94 = {
			isa = PBXGroup;
			children = (
				2F9678142788DAA700246E94 /* WhatNow */,
				2F9678132788DAA700246E94 /* Products */,
			);
			sourceTree = "<group>";
		};
		2F9678132788DAA700246E94 /* Products */ = {
			isa = PBXGroup;
			children = (
				2F9678122788DAA700246E94 /* WhatNow.app */,
			);
			name = Products;
			sourceTree = "<group>";
		};
		2F9678142788DAA700246E94 /* WhatNow */ = {
			isa = PBXGroup;
			children = (
				2F9678152788DAA700246E94 /* AppDelegate.swift */,
				2F9678172788DAA700246E94 /* SceneDelegate.swift */,
				2F9678192788DAA700246E94 /* ViewController.swift */,
				2F96782E2788E2C000246E94 /* AreaDetailVC.swift */,
				2F96782C2788DAE000246E94 /* Model.swift */,
				2F96781B2788DAA700246E94 /* Main.storyboard */,
				2F9678212788DAA800246E94 /* Assets.xcassets */,
				2F9678232788DAA800246E94 /* LaunchScreen.storyboard */,
				2F9678262788DAA800246E94 /* Info.plist */,
				2F96781E2788DAA700246E94 /* WhatNow.xcdatamodeld */,
			);
			path = WhatNow;
			sourceTree = "<group>";
		};
/* End PBXGroup section */

/* Begin PBXNativeTarget section */
		2F9678112788DAA700246E94 /* WhatNow */ = {
			isa = PBXNativeTarget;
			buildConfigurationList = 2F9678292788DAA800246E94 /* Build configuration list for PBXNativeTarget "WhatNow" */;
			buildPhases = (
				2F96780E2788DAA700246E94 /* Sources */,
				2F96780F2788DAA700246E94 /* Frameworks */,
				2F9678102788DAA700246E94 /* Resources */,
			);
			buildRules = (
			);
			dependencies = (
			);
			name = WhatNow;
			productName = WhatNow;
			productReference = 2F9678122788DAA700246E94 /* WhatNow.app */;
			productType = "com.apple.product-type.application";
		};
/* End PBXNativeTarget section */

/* Begin PBXProject section */
		2F96780A2788DAA700246E94 /* Project object */ = {
			isa = PBXProject;
			attributes = {
				BuildIndependentTargetsInParallel = 1;
				LastSwiftUpdateCheck = 1320;
				LastUpgradeCheck = 1320;
				TargetAttributes = {
					2F9678112788DAA700246E94 = {
						CreatedOnToolsVersion = 13.2;
					};
				};
			};
			buildConfigurationList = 2F96780D2788DAA700246E94 /* Build configuration list for PBXProject "WhatNow" */;
			compatibilityVersion = "Xcode 13.0";
			developmentRegion = en;
			hasScannedForEncodings = 0;
			knownRegions = (
				en,
				Base,
			);
			mainGroup = 2F9678092788DAA700246E94;
			productRefGroup = 2F9678132788DAA700246E94 /* Products */;
			projectDirPath = "";
			projectRoot = "";
			targets = (
				2F9678112788DAA700246E94 /* WhatNow */,
			);
		};
/* End PBXProject section */

/* Begin PBXResourcesBuildPhase section */
		2F9678102788DAA700246E94 /* Resources */ = {
			isa = PBXResourcesBuildPhase;
			buildActionMask = 2147483647;
			files = (
				2F9678252788DAA800246E94 /* LaunchScreen.storyboard in Resources */,
				2F9678222788DAA800246E94 /* Assets.xcassets in Resources */,
				2F96781D2788DAA700246E94 /* Main.storyboard in Resources */,
			);
			runOnlyForDeploymentPostprocessing = 0;
		};
/* End PBXResourcesBuildPhase section */

/* Begin PBXSourcesBuildPhase section */
		2F96780E2788DAA700246E94 /* Sources */ = {
			isa = PBXSourcesBuildPhase;
			buildActionMask = 2147483647;
			files = (
				2F96782D2788DAE000246E94 /* Model.swift in Sources */,
				2F9678202788DAA700246E94 /* WhatNow.xcdatamodeld in Sources */,
				2F96782F2788E2C000246E94 /* AreaDetailVC.swift in Sources */,
				2F96781A2788DAA700246E94 /* ViewController.swift in Sources */,
				2F9678162788DAA700246E94 /* AppDelegate.swift in Sources */,
				2F9678182788DAA700246E94 /* SceneDelegate.swift in Sources */,
			);
			runOnlyForDeploymentPostprocessing = 0;
		};
/* End PBXSourcesBuildPhase section */

/* Begin PBXVariantGroup section */
		2F96781B2788DAA700246E94 /* Main.storyboard */ = {
			isa = PBXVariantGroup;
			children = (
				2F96781C2788DAA700246E94 /* Base */,
			);
			name = Main.storyboard;
			sourceTree = "<group>";
		};
		2F9678232788DAA800246E94 /* LaunchScreen.storyboard */ = {
			isa = PBXVariantGroup;
			children = (
				2F9678242788DAA800246E94 /* Base */,
			);
			name = LaunchScreen.storyboard;
			sourceTree = "<group>";
		};
/* End PBXVariantGroup section */

/* Begin XCBuildConfiguration section */
		2F9678272788DAA800246E94 /* Debug */ = {
			isa = XCBuildConfiguration;
			buildSettings = {
				ALWAYS_SEARCH_USER_PATHS = NO;
				CLANG_ANALYZER_NONNULL = YES;
				CLANG_ANALYZER_NUMBER_OBJECT_CONVERSION = YES_AGGRESSIVE;
				CLANG_CXX_LANGUAGE_STANDARD = "gnu++17";
				CLANG_CXX_LIBRARY = "libc++";
				CLANG_ENABLE_MODULES = YES;
				CLANG_ENABLE_OBJC_ARC = YES;
				CLANG_ENABLE_OBJC_WEAK = YES;
				CLANG_WARN_BLOCK_CAPTURE_AUTORELEASING = YES;
				CLANG_WARN_BOOL_CONVERSION = YES;
				CLANG_WARN_COMMA = YES;
				CLANG_WARN_CONSTANT_CONVERSION = YES;
				CLANG_WARN_DEPRECATED_OBJC_IMPLEMENTATIONS = YES;
				CLANG_WARN_DIRECT_OBJC_ISA_USAGE = YES_ERROR;
				CLANG_WARN_DOCUMENTATION_COMMENTS = YES;
				CLANG_WARN_EMPTY_BODY = YES;
				CLANG_WARN_ENUM_CONVERSION = YES;
				CLANG_WARN_INFINITE_RECURSION = YES;
				CLANG_WARN_INT_CONVERSION = YES;
				CLANG_WARN_NON_LITERAL_NULL_CONVERSION = YES;
				CLANG_WARN_OBJC_IMPLICIT_RETAIN_SELF = YES;
				CLANG_WARN_OBJC_LITERAL_CONVERSION = YES;
				CLANG_WARN_OBJC_ROOT_CLASS = YES_ERROR;
				CLANG_WARN_QUOTED_INCLUDE_IN_FRAMEWORK_HEADER = YES;
				CLANG_WARN_RANGE_LOOP_ANALYSIS = YES;
				CLANG_WARN_STRICT_PROTOTYPES = YES;
				CLANG_WARN_SUSPICIOUS_MOVE = YES;
				CLANG_WARN_UNGUARDED_AVAILABILITY = YES_AGGRESSIVE;
				CLANG_WARN_UNREACHABLE_CODE = YES;
				CLANG_WARN__DUPLICATE_METHOD_MATCH = YES;
				COPY_PHASE_STRIP = NO;
				DEBUG_INFORMATION_FORMAT = dwarf;
				ENABLE_STRICT_OBJC_MSGSEND = YES;
				ENABLE_TESTABILITY = YES;
				GCC_C_LANGUAGE_STANDARD = gnu11;
				GCC_DYNAMIC_NO_PIC = NO;
				GCC_NO_COMMON_BLOCKS = YES;
				GCC_OPTIMIZATION_LEVEL = 0;
				GCC_PREPROCESSOR_DEFINITIONS = (
					"DEBUG=1",
					"$(inherited)",
				);
				GCC_WARN_64_TO_32_BIT_CONVERSION = YES;
				GCC_WARN_ABOUT_RETURN_TYPE = YES_ERROR;
				GCC_WARN_UNDECLARED_SELECTOR = YES;
				GCC_WARN_UNINITIALIZED_AUTOS = YES_AGGRESSIVE;
				GCC_WARN_UNUSED_FUNCTION = YES;
				GCC_WARN_UNUSED_VARIABLE = YES;
				IPHONEOS_DEPLOYMENT_TARGET = 15.2;
				MTL_ENABLE_DEBUG_INFO = INCLUDE_SOURCE;
				MTL_FAST_MATH = YES;
				ONLY_ACTIVE_ARCH = YES;
				SDKROOT = iphoneos;
				SWIFT_ACTIVE_COMPILATION_CONDITIONS = DEBUG;
				SWIFT_OPTIMIZATION_LEVEL = "-Onone";
			};
			name = Debug;
		};
		2F9678282788DAA800246E94 /* Release */ = {
			isa = XCBuildConfiguration;
			buildSettings = {
				ALWAYS_SEARCH_USER_PATHS = NO;
				CLANG_ANALYZER_NONNULL = YES;
				CLANG_ANALYZER_NUMBER_OBJECT_CONVERSION = YES_AGGRESSIVE;
				CLANG_CXX_LANGUAGE_STANDARD = "gnu++17";
				CLANG_CXX_LIBRARY = "libc++";
				CLANG_ENABLE_MODULES = YES;
				CLANG_ENABLE_OBJC_ARC = YES;
				CLANG_ENABLE_OBJC_WEAK = YES;
				CLANG_WARN_BLOCK_CAPTURE_AUTORELEASING = YES;
				CLANG_WARN_BOOL_CONVERSION = YES;
				CLANG_WARN_COMMA = YES;
				CLANG_WARN_CONSTANT_CONVERSION = YES;
				CLANG_WARN_DEPRECATED_OBJC_IMPLEMENTATIONS = YES;
				CLANG_WARN_DIRECT_OBJC_ISA_USAGE = YES_ERROR;
				CLANG_WARN_DOCUMENTATION_COMMENTS = YES;
				CLANG_WARN_EMPTY_BODY = YES;
				CLANG_WARN_ENUM_CONVERSION = YES;
				CLANG_WARN_INFINITE_RECURSION = YES;
				CLANG_WARN_INT_CONVERSION = YES;
				CLANG_WARN_NON_LITERAL_NULL_CONVERSION = YES;
				CLANG_WARN_OBJC_IMPLICIT_RETAIN_SELF = YES;
				CLANG_WARN_OBJC_LITERAL_CONVERSION = YES;
				CLANG_WARN_OBJC_ROOT_CLASS = YES_ERROR;
				CLANG_WARN_QUOTED_INCLUDE_IN_FRAMEWORK_HEADER = YES;
				CLANG_WARN_RANGE_LOOP_ANALYSIS = YES;
				CLANG_WARN_STRICT_PROTOTYPES = YES;
				CLANG_WARN_SUSPICIOUS_MOVE = YES;
				CLANG_WARN_UNGUARDED_AVAILABILITY = YES_AGGRESSIVE;
				CLANG_WARN_UNREACHABLE_CODE = YES;
				CLANG_WARN__DUPLICATE_METHOD_MATCH = YES;
				COPY_PHASE_STRIP = NO;
				DEBUG_INFORMATION_FORMAT = "dwarf-with-dsym";
				ENABLE_NS_ASSERTIONS = NO;
				ENABLE_STRICT_OBJC_MSGSEND = YES;
				GCC_C_LANGUAGE_STANDARD = gnu11;
				GCC_NO_COMMON_BLOCKS = YES;
				GCC_WARN_64_TO_32_BIT_CONVERSION = YES;
				GCC_WARN_ABOUT_RETURN_TYPE = YES_ERROR;
				GCC_WARN_UNDECLARED_SELECTOR = YES;
				GCC_WARN_UNINITIALIZED_AUTOS = YES_AGGRESSIVE;
				GCC_WARN_UNUSED_FUNCTION = YES;
				GCC_WARN_UNUSED_VARIABLE = YES;
				IPHONEOS_DEPLOYMENT_TARGET = 15.2;
				MTL_ENABLE_DEBUG_INFO = NO;
				MTL_FAST_MATH = YES;
				SDKROOT = iphoneos;
				SWIFT_COMPILATION_MODE = wholemodule;
				SWIFT_OPTIMIZATION_LEVEL = "-O";
				VALIDATE_PRODUCT = YES;
			};
			name = Release;
		};
		2F96782A2788DAA800246E94 /* Debug */ = {
			isa = XCBuildConfiguration;
			buildSettings = {
				ASSETCATALOG_COMPILER_APPICON_NAME = AppIcon;
				ASSETCATALOG_COMPILER_GLOBAL_ACCENT_COLOR_NAME = AccentColor;
				CODE_SIGN_STYLE = Automatic;
				CURRENT_PROJECT_VERSION = 1;
				DEVELOPMENT_TEAM = J9GJAN323Z;
				GENERATE_INFOPLIST_FILE = YES;
				INFOPLIST_FILE = WhatNow/Info.plist;
				INFOPLIST_KEY_UIApplicationSupportsIndirectInputEvents = YES;
				INFOPLIST_KEY_UILaunchStoryboardName = LaunchScreen;
				INFOPLIST_KEY_UIMainStoryboardFile = Main;
				INFOPLIST_KEY_UISupportedInterfaceOrientations_iPad = "UIInterfaceOrientationPortrait UIInterfaceOrientationPortraitUpsideDown UIInterfaceOrientationLandscapeLeft UIInterfaceOrientationLandscapeRight";
				INFOPLIST_KEY_UISupportedInterfaceOrientations_iPhone = "UIInterfaceOrientationPortrait UIInterfaceOrientationLandscapeLeft UIInterfaceOrientationLandscapeRight";
				LD_RUNPATH_SEARCH_PATHS = (
					"$(inherited)",
					"@executable_path/Frameworks",
				);
				MARKETING_VERSION = 1.0;
				PRODUCT_BUNDLE_IDENTIFIER = com.tyler.WhatNow;
				PRODUCT_NAME = "$(TARGET_NAME)";
				SWIFT_EMIT_LOC_STRINGS = YES;
				SWIFT_VERSION = 5.0;
				TARGETED_DEVICE_FAMILY = "1,2";
			};
			name = Debug;
		};
		2F96782B2788DAA800246E94 /* Release */ = {
			isa = XCBuildConfiguration;
			buildSettings = {
				ASSETCATALOG_COMPILER_APPICON_NAME = AppIcon;
				ASSETCATALOG_COMPILER_GLOBAL_ACCENT_COLOR_NAME = AccentColor;
				CODE_SIGN_STYLE = Automatic;
				CURRENT_PROJECT_VERSION = 1;
				DEVELOPMENT_TEAM = J9GJAN323Z;
				GENERATE_INFOPLIST_FILE = YES;
				INFOPLIST_FILE = WhatNow/Info.plist;
				INFOPLIST_KEY_UIApplicationSupportsIndirectInputEvents = YES;
				INFOPLIST_KEY_UILaunchStoryboardName = LaunchScreen;
				INFOPLIST_KEY_UIMainStoryboardFile = Main;
				INFOPLIST_KEY_UISupportedInterfaceOrientations_iPad = "UIInterfaceOrientationPortrait UIInterfaceOrientationPortraitUpsideDown UIInterfaceOrientationLandscapeLeft UIInterfaceOrientationLandscapeRight";
				INFOPLIST_KEY_UISupportedInterfaceOrientations_iPhone = "UIInterfaceOrientationPortrait UIInterfaceOrientationLandscapeLeft UIInterfaceOrientationLandscapeRight";
				LD_RUNPATH_SEARCH_PATHS = (
					"$(inherited)",
					"@executable_path/Frameworks",
				);
				MARKETING_VERSION = 1.0;
				PRODUCT_BUNDLE_IDENTIFIER = com.tyler.WhatNow;
				PRODUCT_NAME = "$(TARGET_NAME)";
				SWIFT_EMIT_LOC_STRINGS = YES;
				SWIFT_VERSION = 5.0;
				TARGETED_DEVICE_FAMILY = "1,2";
			};
			name = Release;
		};
/* End XCBuildConfiguration section */

/* Begin XCConfigurationList section */
		2F96780D2788DAA700246E94 /* Build configuration list for PBXProject "WhatNow" */ = {
			isa = XCConfigurationList;
			buildConfigurations = (
				2F9678272788DAA800246E94 /* Debug */,
				2F9678282788DAA800246E94 /* Release */,
			);
			defaultConfigurationIsVisible = 0;
			defaultConfigurationName = Release;
		};
		2F9678292788DAA800246E94 /* Build configuration list for PBXNativeTarget "WhatNow" */ = {
			isa = XCConfigurationList;
			buildConfigurations = (
				2F96782A2788DAA800246E94 /* Debug */,
				2F96782B2788DAA800246E94 /* Release */,
			);
			defaultConfigurationIsVisible = 0;
			defaultConfigurationName = Release;
		};
/* End XCConfigurationList section */

/* Begin XCVersionGroup section */
		2F96781E2788DAA700246E94 /* WhatNow.xcdatamodeld */ = {
			isa = XCVersionGroup;
			children = (
				2F96781F2788DAA700246E94 /* WhatNow.xcdatamodel */,
			);
			currentVersion = 2F96781F2788DAA700246E94 /* WhatNow.xcdatamodel */;
			path = WhatNow.xcdatamodeld;
			sourceTree = "<group>";
			versionGroupType = wrapper.xcdatamodel;
		};
/* End XCVersionGroup section */
	};
	rootObject = 2F96780A2788DAA700246E94 /* Project object */;
}
